
Microsoft Visual Studio Solution File, Format Version 12.00
# Visual Studio Version 17
VisualStudioVersion = 17.11.35431.28
MinimumVisualStudioVersion = 10.0.40219.1
Project("{FAE04EC0-301F-11D3-BF4B-00C04F79EFBC}") = "ExperienciaComComparison", "ExperienciaComComparison.csproj", "{987FD817-4C57-498F-9E55-11615D2DC6ED}"
EndProject
Global
	GlobalSection(SolutionConfigurationPlatforms) = preSolution
		Debug|Any CPU = Debug|Any CPU
		Release|Any CPU = Release|Any CPU
	EndGlobalSection
	GlobalSection(ProjectConfigurationPlatforms) = postSolution
		{987FD817-4C57-498F-9E55-11615D2DC6ED}.Debug|Any CPU.ActiveCfg = Debug|Any CPU
		{987FD817-4C57-498F-9E55-11615D2DC6ED}.Debug|Any CPU.Build.0 = Debug|Any CPU
		{987FD817-4C57-498F-9E55-11615D2DC6ED}.Release|Any CPU.ActiveCfg = Release|Any CPU
		{987FD817-4C57-498F-9E55-11615D2DC6ED}.Release|Any CPU.Build.0 = Release|Any CPU
	EndGlobalSection
	GlobalSection(SolutionProperties) = preSolution
		HideSolutionNode = FALSE
	EndGlobalSection
	GlobalSection(ExtensibilityGlobals) = postSolution
		SolutionGuid = {105D1359-EFAD-483F-93B8-577B684640D0}
	EndGlobalSection
EndGlobal
