
Microsoft Visual Studio Solution File, Format Version 12.00
# Visual Studio Version 17
VisualStudioVersion = 17.11.35431.28
MinimumVisualStudioVersion = 10.0.40219.1
Project("{FAE04EC0-301F-11D3-BF4B-00C04F79EFBC}") = "EstudoDelegatesFunc", "EstudoDelegatesFunc.csproj", "{1CF9AE66-DB7F-47FF-A3A6-1A781C4B237E}"
EndProject
Global
	GlobalSection(SolutionConfigurationPlatforms) = preSolution
		Debug|Any CPU = Debug|Any CPU
		Release|Any CPU = Release|Any CPU
	EndGlobalSection
	GlobalSection(ProjectConfigurationPlatforms) = postSolution
		{1CF9AE66-DB7F-47FF-A3A6-1A781C4B237E}.Debug|Any CPU.ActiveCfg = Debug|Any CPU
		{1CF9AE66-DB7F-47FF-A3A6-1A781C4B237E}.Debug|Any CPU.Build.0 = Debug|Any CPU
		{1CF9AE66-DB7F-47FF-A3A6-1A781C4B237E}.Release|Any CPU.ActiveCfg = Release|Any CPU
		{1CF9AE66-DB7F-47FF-A3A6-1A781C4B237E}.Release|Any CPU.Build.0 = Release|Any CPU
	EndGlobalSection
	GlobalSection(SolutionProperties) = preSolution
		HideSolutionNode = FALSE
	EndGlobalSection
	GlobalSection(ExtensibilityGlobals) = postSolution
		SolutionGuid = {235190E2-E59A-4307-8733-63703CD70A98}
	EndGlobalSection
EndGlobal
