
Microsoft Visual Studio Solution File, Format Version 12.00
# Visual Studio Version 17
VisualStudioVersion = 17.11.35431.28
MinimumVisualStudioVersion = 10.0.40219.1
Project("{FAE04EC0-301F-11D3-BF4B-00C04F79EFBC}") = "EstudoExtensionMethods", "EstudoExtensionMethods.csproj", "{DFA63D57-DD44-48F1-A434-EFD55D86FDBB}"
EndProject
Global
	GlobalSection(SolutionConfigurationPlatforms) = preSolution
		Debug|Any CPU = Debug|Any CPU
		Release|Any CPU = Release|Any CPU
	EndGlobalSection
	GlobalSection(ProjectConfigurationPlatforms) = postSolution
		{DFA63D57-DD44-48F1-A434-EFD55D86FDBB}.Debug|Any CPU.ActiveCfg = Debug|Any CPU
		{DFA63D57-DD44-48F1-A434-EFD55D86FDBB}.Debug|Any CPU.Build.0 = Debug|Any CPU
		{DFA63D57-DD44-48F1-A434-EFD55D86FDBB}.Release|Any CPU.ActiveCfg = Release|Any CPU
		{DFA63D57-DD44-48F1-A434-EFD55D86FDBB}.Release|Any CPU.Build.0 = Release|Any CPU
	EndGlobalSection
	GlobalSection(SolutionProperties) = preSolution
		HideSolutionNode = FALSE
	EndGlobalSection
	GlobalSection(ExtensibilityGlobals) = postSolution
		SolutionGuid = {9B5F29C0-4CB9-4647-83AB-FE29F08E1328}
	EndGlobalSection
EndGlobal
