
Microsoft Visual Studio Solution File, Format Version 12.00
# Visual Studio Version 17
VisualStudioVersion = 17.8.34330.188
MinimumVisualStudioVersion = 10.0.40219.1
Project("{9A19103F-16F7-4668-BE54-9A1E7A4F7556}") = "Heranca", "Heranca\Heranca.csproj", "{F1AB01ED-E7D2-4E28-B4F1-4416BF88F0FD}"
EndProject
Project("{FAE04EC0-301F-11D3-BF4B-00C04F79EFBC}") = "ExercicioFuncionariosTercerizados", "ExercicioFuncionariosTercerizados\ExercicioFuncionariosTercerizados.csproj", "{F687D774-81E4-4584-B9E1-F33311FC1757}"
EndProject
Global
	GlobalSection(SolutionConfigurationPlatforms) = preSolution
		Debug|Any CPU = Debug|Any CPU
		Release|Any CPU = Release|Any CPU
	EndGlobalSection
	GlobalSection(ProjectConfigurationPlatforms) = postSolution
		{F1AB01ED-E7D2-4E28-B4F1-4416BF88F0FD}.Debug|Any CPU.ActiveCfg = Debug|Any CPU
		{F1AB01ED-E7D2-4E28-B4F1-4416BF88F0FD}.Debug|Any CPU.Build.0 = Debug|Any CPU
		{F1AB01ED-E7D2-4E28-B4F1-4416BF88F0FD}.Release|Any CPU.ActiveCfg = Release|Any CPU
		{F1AB01ED-E7D2-4E28-B4F1-4416BF88F0FD}.Release|Any CPU.Build.0 = Release|Any CPU
		{F687D774-81E4-4584-B9E1-F33311FC1757}.Debug|Any CPU.ActiveCfg = Debug|Any CPU
		{F687D774-81E4-4584-B9E1-F33311FC1757}.Debug|Any CPU.Build.0 = Debug|Any CPU
		{F687D774-81E4-4584-B9E1-F33311FC1757}.Release|Any CPU.ActiveCfg = Release|Any CPU
		{F687D774-81E4-4584-B9E1-F33311FC1757}.Release|Any CPU.Build.0 = Release|Any CPU
	EndGlobalSection
	GlobalSection(SolutionProperties) = preSolution
		HideSolutionNode = FALSE
	EndGlobalSection
	GlobalSection(ExtensibilityGlobals) = postSolution
		SolutionGuid = {9A637DB1-1CFC-4D50-890E-CD8897B7BE81}
	EndGlobalSection
EndGlobal
